
Microsoft Visual Studio Solution File, Format Version 12.00
# Visual Studio 15
VisualStudioVersion = 15.0.28307.779
MinimumVisualStudioVersion = 10.0.40219.1
Project("{FAE04EC0-301F-11D3-BF4B-00C04F79EFBC}") = "Virtual Toolbelt", "Virtual Toolbelt\Virtual Toolbelt.csproj", "{E3725448-6E40-47BD-9BBE-9B3492E47B0A}"
EndProject
Global
	GlobalSection(SolutionConfigurationPlatforms) = preSolution
		Debug|Any CPU = Debug|Any CPU
		Debug|x86 = Debug|x86
		Release|Any CPU = Release|Any CPU
		Release|x86 = Release|x86
	EndGlobalSection
	GlobalSection(ProjectConfigurationPlatforms) = postSolution
		{E3725448-6E40-47BD-9BBE-9B3492E47B0A}.Debug|Any CPU.ActiveCfg = Debug|Any CPU
		{E3725448-6E40-47BD-9BBE-9B3492E47B0A}.Debug|Any CPU.Build.0 = Debug|Any CPU
		{E3725448-6E40-47BD-9BBE-9B3492E47B0A}.Debug|x86.ActiveCfg = Debug|x86
		{E3725448-6E40-47BD-9BBE-9B3492E47B0A}.Debug|x86.Build.0 = Debug|x86
		{E3725448-6E40-47BD-9BBE-9B3492E47B0A}.Release|Any CPU.ActiveCfg = Release|Any CPU
		{E3725448-6E40-47BD-9BBE-9B3492E47B0A}.Release|Any CPU.Build.0 = Release|Any CPU
		{E3725448-6E40-47BD-9BBE-9B3492E47B0A}.Release|x86.ActiveCfg = Release|x86
		{E3725448-6E40-47BD-9BBE-9B3492E47B0A}.Release|x86.Build.0 = Release|x86
	EndGlobalSection
	GlobalSection(SolutionProperties) = preSolution
		HideSolutionNode = FALSE
	EndGlobalSection
	GlobalSection(ExtensibilityGlobals) = postSolution
		SolutionGuid = {64862C82-D86A-41F2-A0A4-E88554CD8FE1}
	EndGlobalSection
EndGlobal
